<?xml version="1.0"?>
<CONFIG>
  <ProjectOptions>
    <PathDelim Value="\"/>
    <Version Value="6"/>
    <General>
      <MainUnit Value="0"/>
      <IconPath Value="./"/>
      <TargetFileExt Value=".exe"/>
      <ActiveEditorIndexAtStart Value="1"/>
    </General>
    <VersionInfo>
      <ProjectVersion Value=""/>
    </VersionInfo>
    <PublishOptions>
      <Version Value="2"/>
      <IgnoreBinaries Value="False"/>
      <IncludeFileFilter Value="*.(pas|pp|inc|lfm|lpr|lrs|lpi|lpk|sh|xml)"/>
      <ExcludeFileFilter Value="*.(bak|ppu|ppw|o|so);*~;backup"/>
    </PublishOptions>
    <RunParams>
      <local>
        <FormatVersion Value="1"/>
        <LaunchingApplication PathPlusParams="/usr/X11R6/bin/xterm -T 'Lazarus Run Output' -e $(LazarusDir)/tools/runwait.sh $(TargetCmdLine)"/>
      </local>
    </RunParams>
    <RequiredPackages Count="1">
      <Item1>
        <PackageName Value="LazOpenGLContext"/>
      </Item1>
    </RequiredPackages>
    <Units Count="6">
      <Unit0>
        <Filename Value="NoVCL.lpr"/>
        <IsPartOfProject Value="True"/>
        <UnitName Value="NoVCL"/>
        <CursorPos X="55" Y="6"/>
        <TopLine Value="1"/>
        <EditorIndex Value="0"/>
        <UsageCount Value="37"/>
        <Loaded Value="True"/>
      </Unit0>
      <Unit1>
        <Filename Value="Main.pas"/>
        <UnitName Value="Main"/>
        <CursorPos X="48" Y="11"/>
        <TopLine Value="1"/>
        <EditorIndex Value="1"/>
        <UsageCount Value="20"/>
        <Loaded Value="True"/>
      </Unit1>
      <Unit2>
        <Filename Value="..\..\..\src\AdSimpleXML.pas"/>
        <UnitName Value="AdSimpleXML"/>
        <CursorPos X="43" Y="1340"/>
        <TopLine Value="1395"/>
        <EditorIndex Value="5"/>
        <UsageCount Value="10"/>
        <Loaded Value="True"/>
      </Unit2>
      <Unit3>
        <Filename Value="..\..\..\src\AdLCLOGLWindow.pas"/>
        <UnitName Value="AdLCLOGLWindow"/>
        <CursorPos X="21" Y="112"/>
        <TopLine Value="96"/>
        <EditorIndex Value="3"/>
        <UsageCount Value="10"/>
        <Loaded Value="True"/>
      </Unit3>
      <Unit4>
        <Filename Value="..\..\..\src\AdDraws.pas"/>
        <UnitName Value="AdDraws"/>
        <CursorPos X="1" Y="1005"/>
        <TopLine Value="990"/>
        <EditorIndex Value="2"/>
        <UsageCount Value="10"/>
        <Loaded Value="True"/>
      </Unit4>
      <Unit5>
        <Filename Value="..\..\..\..\..\..\..\..\..\..\Programme\lazarus\lcl\include\control.inc"/>
        <CursorPos X="1" Y="1231"/>
        <TopLine Value="1216"/>
        <EditorIndex Value="4"/>
        <UsageCount Value="10"/>
        <Loaded Value="True"/>
      </Unit5>
    </Units>
    <JumpHistory Count="1" HistoryIndex="0">
      <Position1>
        <Filename Value="..\..\..\src\AdLCLOGLWindow.pas"/>
        <Caret Line="112" Column="21" TopLine="96"/>
      </Position1>
    </JumpHistory>
  </ProjectOptions>
  <CompilerOptions>
    <Version Value="5"/>
    <PathDelim Value="\"/>
    <Target>
      <Filename Value="..\..\..\bin\NoVCL.exe"/>
    </Target>
    <SearchPaths>
      <OtherUnitFiles Value="..\..\..\lib\;..\..\..\src\;$(LazarusDir)\lcl\units\$(TargetCPU)-$(TargetOS)\;$(LazarusDir)\components\custom\;$(LazarusDir)\components\codetools\units\$(TargetCPU)-$(TargetOS)\;$(LazarusDir)\lcl\units\$(TargetCPU)-$(TargetOS)\$(LCLWidgetType)\;$(LazarusDir)\packager\units\$(TargetCPU)-$(TargetOS)\"/>
      <UnitOutputDirectory Value="..\..\..\src\dcu"/>
    </SearchPaths>
    <CodeGeneration>
      <Generate Value="Faster"/>
    </CodeGeneration>
    <Other>
      <Verbosity>
        <ShowHints Value="False"/>
      </Verbosity>
      <CompilerPath Value="$(CompPath)"/>
    </Other>
  </CompilerOptions>
  <Debugging>
    <Exceptions Count="2">
      <Item1>
        <Name Value="ECodetoolError"/>
      </Item1>
      <Item2>
        <Name Value="EFOpenError"/>
      </Item2>
    </Exceptions>
  </Debugging>
</CONFIG>
