<?xml version="1.0"?>
<CONFIG>
  <ProjectOptions>
    <PathDelim Value="\"/>
    <Version Value="6"/>
    <General>
      <MainUnit Value="0"/>
      <IconPath Value="./"/>
      <TargetFileExt Value=".exe"/>
      <ActiveEditorIndexAtStart Value="4"/>
    </General>
    <VersionInfo>
      <ProjectVersion Value="0.0.0.0"/>
      <FileDescription Value="The Andorra 2D OpenGL Cg Plugin for Lazarus"/>
      <LegalCopyright Value="(c) by Andreas Stöckel"/>
      <OriginalFilename Value="AndorraOGLcg"/>
    </VersionInfo>
    <PublishOptions>
      <Version Value="2"/>
      <IgnoreBinaries Value="False"/>
      <IncludeFileFilter Value="*.(pas|pp|inc|lfm|lpr|lrs|lpi|lpk|sh|xml)"/>
      <ExcludeFileFilter Value="*.(bak|ppu|ppw|o|so);*~;backup"/>
    </PublishOptions>
    <RunParams>
      <local>
        <FormatVersion Value="1"/>
        <LaunchingApplication PathPlusParams="/usr/X11R6/bin/xterm -T 'Lazarus Run Output' -e $(LazarusDir)/tools/runwait.sh $(TargetCmdLine)"/>
      </local>
    </RunParams>
    <Units Count="1">
      <Unit0>
        <Filename Value="AndorraOGLcg.dpr"/>
        <IsPartOfProject Value="True"/>
        <UnitName Value="AndorraOGLcg"/>
        <CursorPos X="13" Y="22"/>
        <TopLine Value="10"/>
        <EditorIndex Value="0"/>
        <UsageCount Value="23"/>
        <Loaded Value="True"/>
      </Unit0>
    </Units>
  </ProjectOptions>
  <CompilerOptions>
    <Version Value="5"/>
    <PathDelim Value="\"/>
    <Target>
      <Filename Value="..\..\..\bin\AndorraOGLcg.dll"/>
    </Target>
    <SearchPaths>
      <OtherUnitFiles Value="..\..\;..\..\..\lib\"/>
      <UnitOutputDirectory Value="..\..\dcu"/>
    </SearchPaths>
    <CodeGeneration>
      <Generate Value="Faster"/>
    </CodeGeneration>
    <Linking>
      <Options>
        <ExecutableType Value="Library"/>
      </Options>
    </Linking>
    <Other>
      <CompilerPath Value="$(CompPath)"/>
    </Other>
  </CompilerOptions>
  <Debugging>
    <Exceptions Count="2">
      <Item1>
        <Name Value="ECodetoolError"/>
      </Item1>
      <Item2>
        <Name Value="EFOpenError"/>
      </Item2>
    </Exceptions>
  </Debugging>
</CONFIG>
